
Microsoft Visual Studio Solution File, Format Version 12.00
# Visual Studio 2012
Project("{FAE04EC0-301F-11D3-BF4B-00C04F79EFBC}") = "WidgetGoods", "WidgetGoods\WidgetGoods.csproj", "{ACBC628F-36E0-4E7B-AA4F-93022DD697FC}"
EndProject
Global
	GlobalSection(SolutionConfigurationPlatforms) = preSolution
		Debug|Any CPU = Debug|Any CPU
		Release|Any CPU = Release|Any CPU
	EndGlobalSection
	GlobalSection(ProjectConfigurationPlatforms) = postSolution
		{ACBC628F-36E0-4E7B-AA4F-93022DD697FC}.Debug|Any CPU.ActiveCfg = Debug|Any CPU
		{ACBC628F-36E0-4E7B-AA4F-93022DD697FC}.Debug|Any CPU.Build.0 = Debug|Any CPU
		{ACBC628F-36E0-4E7B-AA4F-93022DD697FC}.Release|Any CPU.ActiveCfg = Release|Any CPU
		{ACBC628F-36E0-4E7B-AA4F-93022DD697FC}.Release|Any CPU.Build.0 = Release|Any CPU
	EndGlobalSection
	GlobalSection(SolutionProperties) = preSolution
		HideSolutionNode = FALSE
	EndGlobalSection
EndGlobal
